
Microsoft Visual Studio Solution File, Format Version 12.00
# Visual Studio Version 17
VisualStudioVersion = 17.2.32616.157
MinimumVisualStudioVersion = 10.0.40219.1
Project("{9A19103F-16F7-4668-BE54-9A1E7A4F7556}") = "CheckoutKata", "CheckoutKata\CheckoutKata.csproj", "{86C3CCE0-2B6A-4F06-B055-C68E1D6AD948}"
EndProject
Project("{FAE04EC0-301F-11D3-BF4B-00C04F79EFBC}") = "CheckoutKata.UnitTests", "CheckoutKata.UnitTests\CheckoutKata.UnitTests.csproj", "{FA66FCDC-2B0D-4A94-B58A-E39E22840452}"
EndProject
Project("{FAE04EC0-301F-11D3-BF4B-00C04F79EFBC}") = "CheckOutKata.Models", "CheckOutKata.Models\CheckOutKata.Models.csproj", "{62C0C0D6-DEA0-40D0-B82C-48635CB9EC26}"
EndProject
Global
	GlobalSection(SolutionConfigurationPlatforms) = preSolution
		Debug|Any CPU = Debug|Any CPU
		Release|Any CPU = Release|Any CPU
	EndGlobalSection
	GlobalSection(ProjectConfigurationPlatforms) = postSolution
		{86C3CCE0-2B6A-4F06-B055-C68E1D6AD948}.Debug|Any CPU.ActiveCfg = Debug|Any CPU
		{86C3CCE0-2B6A-4F06-B055-C68E1D6AD948}.Debug|Any CPU.Build.0 = Debug|Any CPU
		{86C3CCE0-2B6A-4F06-B055-C68E1D6AD948}.Release|Any CPU.ActiveCfg = Release|Any CPU
		{86C3CCE0-2B6A-4F06-B055-C68E1D6AD948}.Release|Any CPU.Build.0 = Release|Any CPU
		{FA66FCDC-2B0D-4A94-B58A-E39E22840452}.Debug|Any CPU.ActiveCfg = Debug|Any CPU
		{FA66FCDC-2B0D-4A94-B58A-E39E22840452}.Debug|Any CPU.Build.0 = Debug|Any CPU
		{FA66FCDC-2B0D-4A94-B58A-E39E22840452}.Release|Any CPU.ActiveCfg = Release|Any CPU
		{FA66FCDC-2B0D-4A94-B58A-E39E22840452}.Release|Any CPU.Build.0 = Release|Any CPU
		{62C0C0D6-DEA0-40D0-B82C-48635CB9EC26}.Debug|Any CPU.ActiveCfg = Debug|Any CPU
		{62C0C0D6-DEA0-40D0-B82C-48635CB9EC26}.Debug|Any CPU.Build.0 = Debug|Any CPU
		{62C0C0D6-DEA0-40D0-B82C-48635CB9EC26}.Release|Any CPU.ActiveCfg = Release|Any CPU
		{62C0C0D6-DEA0-40D0-B82C-48635CB9EC26}.Release|Any CPU.Build.0 = Release|Any CPU
	EndGlobalSection
	GlobalSection(SolutionProperties) = preSolution
		HideSolutionNode = FALSE
	EndGlobalSection
	GlobalSection(ExtensibilityGlobals) = postSolution
		SolutionGuid = {23D789BA-7017-481B-9715-9D036F453187}
	EndGlobalSection
EndGlobal
